{
  "nodes": {
    "home-manager": {
      "inputs": {
        "nixpkgs": [
          "nixpkgs"
        ]
      },
      "locked": {
        "lastModified": 1737575492,
        "narHash": "sha256-qa/D3NC1JoApnUuLrq1gseBmIxeg6icm/ojPgggMDVQ=",
        "owner": "nix-community",
        "repo": "home-manager",
        "rev": "cefb1889b96ddd1dac3dd4734e894f4cadab7802",
        "type": "github"
      },
      "original": {
        "owner": "nix-community",
        "ref": "master",
        "repo": "home-manager",
        "type": "github"
      }
    },
    "nixpkgs": {
      "locked": {
        "lastModified": 1737469691,
        "narHash": "sha256-nmKOgAU48S41dTPIXAq0AHZSehWUn6ZPrUKijHAMmIk=",
        "owner": "nixos",
        "repo": "nixpkgs",
        "rev": "9e4d5190a9482a1fb9d18adf0bdb83c6e506eaab",
        "type": "github"
      },
      "original": {
        "owner": "nixos",
        "ref": "nixos-unstable",
        "repo": "nixpkgs",
        "type": "github"
      }
    },
    "nixpkgs_2": {
      "locked": {
        "lastModified": 1736134818,
        "narHash": "sha256-30sOEZ8CFK2nTTMdkhaNrfVlIi3rWTNV0Z5z+NmpFNI=",
        "owner": "NixOS",
        "repo": "nixpkgs",
        "rev": "3df3c47c19dc90fec35359e89ffb52b34d2b0e94",
        "type": "github"
      },
      "original": {
        "owner": "NixOS",
        "ref": "nixpkgs-unstable",
        "repo": "nixpkgs",
        "type": "github"
      }
    },
    "root": {
      "inputs": {
        "home-manager": "home-manager",
        "nixpkgs": "nixpkgs",
        "umu": "umu"
      }
    },
    "umu": {
      "inputs": {
        "nixpkgs": "nixpkgs_2"
      },
      "locked": {
        "dir": "packaging/nix",
        "lastModified": 1737484151,
        "narHash": "sha256-8L1Qrf+n1ry98wxuseo8+7h2a3Tu4AzZLdf2DLNfZ+k=",
        "owner": "Open-Wine-Components",
        "repo": "umu-launcher",
        "rev": "0cac244cc89ee69bf33ad60a3953cfde188ee8a6",
        "type": "github"
      },
      "original": {
        "dir": "packaging/nix",
        "owner": "Open-Wine-Components",
        "repo": "umu-launcher",
        "type": "github"
      }
    }
  },
  "root": "root",
  "version": 7
}
